
Microsoft Visual Studio Solution File, Format Version 12.00
# Visual Studio Version 17
VisualStudioVersion = 17.4.33205.214
MinimumVisualStudioVersion = 10.0.40219.1
Project("{9A19103F-16F7-4668-BE54-9A1E7A4F7556}") = "even-odd", "even-odd\even-odd.csproj", "{718EF09F-2A15-4E05-93ED-0EF806C43A7B}"
EndProject
Project("{FAE04EC0-301F-11D3-BF4B-00C04F79EFBC}") = "sum-two-number", "sum-two-number\sum-two-number.csproj", "{E81CFDBF-2E31-42E7-A651-FB6027843A31}"
EndProject
Global
	GlobalSection(SolutionConfigurationPlatforms) = preSolution
		Debug|Any CPU = Debug|Any CPU
		Release|Any CPU = Release|Any CPU
	EndGlobalSection
	GlobalSection(ProjectConfigurationPlatforms) = postSolution
		{718EF09F-2A15-4E05-93ED-0EF806C43A7B}.Debug|Any CPU.ActiveCfg = Debug|Any CPU
		{718EF09F-2A15-4E05-93ED-0EF806C43A7B}.Debug|Any CPU.Build.0 = Debug|Any CPU
		{718EF09F-2A15-4E05-93ED-0EF806C43A7B}.Release|Any CPU.ActiveCfg = Release|Any CPU
		{718EF09F-2A15-4E05-93ED-0EF806C43A7B}.Release|Any CPU.Build.0 = Release|Any CPU
		{E81CFDBF-2E31-42E7-A651-FB6027843A31}.Debug|Any CPU.ActiveCfg = Debug|Any CPU
		{E81CFDBF-2E31-42E7-A651-FB6027843A31}.Debug|Any CPU.Build.0 = Debug|Any CPU
		{E81CFDBF-2E31-42E7-A651-FB6027843A31}.Release|Any CPU.ActiveCfg = Release|Any CPU
		{E81CFDBF-2E31-42E7-A651-FB6027843A31}.Release|Any CPU.Build.0 = Release|Any CPU
	EndGlobalSection
	GlobalSection(SolutionProperties) = preSolution
		HideSolutionNode = FALSE
	EndGlobalSection
	GlobalSection(ExtensibilityGlobals) = postSolution
		SolutionGuid = {18EFA0B8-8A4E-49AF-BB95-7667B20E7427}
	EndGlobalSection
EndGlobal
